
Microsoft Visual Studio Solution File, Format Version 12.00
# Visual Studio 15
VisualStudioVersion = 15.0.28307.329
MinimumVisualStudioVersion = 10.0.40219.1
Project("{FAE04EC0-301F-11D3-BF4B-00C04F79EFBC}") = "WebAppReviews", "WebAppReviews\WebAppReviews.csproj", "{09F0305E-B2B9-474E-9716-D02437ACBF74}"
EndProject
Global
	GlobalSection(SolutionConfigurationPlatforms) = preSolution
		Debug|Any CPU = Debug|Any CPU
		Release|Any CPU = Release|Any CPU
	EndGlobalSection
	GlobalSection(ProjectConfigurationPlatforms) = postSolution
		{09F0305E-B2B9-474E-9716-D02437ACBF74}.Debug|Any CPU.ActiveCfg = Debug|Any CPU
		{09F0305E-B2B9-474E-9716-D02437ACBF74}.Debug|Any CPU.Build.0 = Debug|Any CPU
		{09F0305E-B2B9-474E-9716-D02437ACBF74}.Release|Any CPU.ActiveCfg = Release|Any CPU
		{09F0305E-B2B9-474E-9716-D02437ACBF74}.Release|Any CPU.Build.0 = Release|Any CPU
	EndGlobalSection
	GlobalSection(SolutionProperties) = preSolution
		HideSolutionNode = FALSE
	EndGlobalSection
	GlobalSection(ExtensibilityGlobals) = postSolution
		SolutionGuid = {95DCD15E-6D99-4033-9B0A-6C8E51834858}
	EndGlobalSection
EndGlobal
